
Microsoft Visual Studio Solution File, Format Version 12.00
# Visual Studio Version 17
VisualStudioVersion = 17.5.2.0
MinimumVisualStudioVersion = 10.0.40219.1
Project("{FAE04EC0-301F-11D3-BF4B-00C04F79EFBC}") = "3. 테란-프로토스 연합의 인구수", "3. 테란-프로토스 연합의 인구수.csproj", "{B1481C55-5CC0-BEC1-084B-FC9616A1E443}"
EndProject
Global
	GlobalSection(SolutionConfigurationPlatforms) = preSolution
		Debug|Any CPU = Debug|Any CPU
		Release|Any CPU = Release|Any CPU
	EndGlobalSection
	GlobalSection(ProjectConfigurationPlatforms) = postSolution
		{B1481C55-5CC0-BEC1-084B-FC9616A1E443}.Debug|Any CPU.ActiveCfg = Debug|Any CPU
		{B1481C55-5CC0-BEC1-084B-FC9616A1E443}.Debug|Any CPU.Build.0 = Debug|Any CPU
		{B1481C55-5CC0-BEC1-084B-FC9616A1E443}.Release|Any CPU.ActiveCfg = Release|Any CPU
		{B1481C55-5CC0-BEC1-084B-FC9616A1E443}.Release|Any CPU.Build.0 = Release|Any CPU
	EndGlobalSection
	GlobalSection(SolutionProperties) = preSolution
		HideSolutionNode = FALSE
	EndGlobalSection
	GlobalSection(ExtensibilityGlobals) = postSolution
		SolutionGuid = {C0BA7922-7948-45A3-A72C-5EBED640A6A5}
	EndGlobalSection
EndGlobal
