
Microsoft Visual Studio Solution File, Format Version 12.00
# Visual Studio Version 17
VisualStudioVersion = 17.5.2.0
MinimumVisualStudioVersion = 10.0.40219.1
Project("{FAE04EC0-301F-11D3-BF4B-00C04F79EFBC}") = "14. 개발자 후원하기", "14. 개발자 후원하기.csproj", "{CC353796-04A9-34B4-A4D0-3DD3BA0C9E85}"
EndProject
Global
	GlobalSection(SolutionConfigurationPlatforms) = preSolution
		Debug|Any CPU = Debug|Any CPU
		Release|Any CPU = Release|Any CPU
	EndGlobalSection
	GlobalSection(ProjectConfigurationPlatforms) = postSolution
		{CC353796-04A9-34B4-A4D0-3DD3BA0C9E85}.Debug|Any CPU.ActiveCfg = Debug|Any CPU
		{CC353796-04A9-34B4-A4D0-3DD3BA0C9E85}.Debug|Any CPU.Build.0 = Debug|Any CPU
		{CC353796-04A9-34B4-A4D0-3DD3BA0C9E85}.Release|Any CPU.ActiveCfg = Release|Any CPU
		{CC353796-04A9-34B4-A4D0-3DD3BA0C9E85}.Release|Any CPU.Build.0 = Release|Any CPU
	EndGlobalSection
	GlobalSection(SolutionProperties) = preSolution
		HideSolutionNode = FALSE
	EndGlobalSection
	GlobalSection(ExtensibilityGlobals) = postSolution
		SolutionGuid = {EF9F4810-3A78-4BD1-B65D-499C26ED1956}
	EndGlobalSection
EndGlobal
