
Microsoft Visual Studio Solution File, Format Version 12.00
# Visual Studio Version 17
VisualStudioVersion = 17.5.2.0
MinimumVisualStudioVersion = 10.0.40219.1
Project("{FAE04EC0-301F-11D3-BF4B-00C04F79EFBC}") = "11. 냥이 입양하기", "11. 냥이 입양하기.csproj", "{464F71C1-F850-CEA9-605D-0EA11CF7D959}"
EndProject
Global
	GlobalSection(SolutionConfigurationPlatforms) = preSolution
		Debug|Any CPU = Debug|Any CPU
		Release|Any CPU = Release|Any CPU
	EndGlobalSection
	GlobalSection(ProjectConfigurationPlatforms) = postSolution
		{464F71C1-F850-CEA9-605D-0EA11CF7D959}.Debug|Any CPU.ActiveCfg = Debug|Any CPU
		{464F71C1-F850-CEA9-605D-0EA11CF7D959}.Debug|Any CPU.Build.0 = Debug|Any CPU
		{464F71C1-F850-CEA9-605D-0EA11CF7D959}.Release|Any CPU.ActiveCfg = Release|Any CPU
		{464F71C1-F850-CEA9-605D-0EA11CF7D959}.Release|Any CPU.Build.0 = Release|Any CPU
	EndGlobalSection
	GlobalSection(SolutionProperties) = preSolution
		HideSolutionNode = FALSE
	EndGlobalSection
	GlobalSection(ExtensibilityGlobals) = postSolution
		SolutionGuid = {CB065317-E6AE-4662-A7B6-637B39A3B0CB}
	EndGlobalSection
EndGlobal
