
Microsoft Visual Studio Solution File, Format Version 12.00
# Visual Studio Version 17
VisualStudioVersion = 17.5.2.0
MinimumVisualStudioVersion = 10.0.40219.1
Project("{FAE04EC0-301F-11D3-BF4B-00C04F79EFBC}") = "14. 점심 추천 해드림", "14. 점심 추천 해드림.csproj", "{5B605F84-6B4B-8058-92A3-E310B0DF40C0}"
EndProject
Global
	GlobalSection(SolutionConfigurationPlatforms) = preSolution
		Debug|Any CPU = Debug|Any CPU
		Release|Any CPU = Release|Any CPU
	EndGlobalSection
	GlobalSection(ProjectConfigurationPlatforms) = postSolution
		{5B605F84-6B4B-8058-92A3-E310B0DF40C0}.Debug|Any CPU.ActiveCfg = Debug|Any CPU
		{5B605F84-6B4B-8058-92A3-E310B0DF40C0}.Debug|Any CPU.Build.0 = Debug|Any CPU
		{5B605F84-6B4B-8058-92A3-E310B0DF40C0}.Release|Any CPU.ActiveCfg = Release|Any CPU
		{5B605F84-6B4B-8058-92A3-E310B0DF40C0}.Release|Any CPU.Build.0 = Release|Any CPU
	EndGlobalSection
	GlobalSection(SolutionProperties) = preSolution
		HideSolutionNode = FALSE
	EndGlobalSection
	GlobalSection(ExtensibilityGlobals) = postSolution
		SolutionGuid = {0F9DA7E2-F144-4927-8B07-39A5C9A4D084}
	EndGlobalSection
EndGlobal
